
Microsoft Visual Studio Solution File, Format Version 12.00
# Visual Studio Version 17
VisualStudioVersion = 17.7.34202.233
MinimumVisualStudioVersion = 10.0.40219.1
Project("{FAE04EC0-301F-11D3-BF4B-00C04F79EFBC}") = "SudokuSolver", "SudokuSolver\SudokuSolver.csproj", "{51D2E5EB-99F9-4FF2-9B1B-286EBC25E571}"
EndProject
Global
	GlobalSection(SolutionConfigurationPlatforms) = preSolution
		Debug|Any CPU = Debug|Any CPU
		Release|Any CPU = Release|Any CPU
	EndGlobalSection
	GlobalSection(ProjectConfigurationPlatforms) = postSolution
		{51D2E5EB-99F9-4FF2-9B1B-286EBC25E571}.Debug|Any CPU.ActiveCfg = Debug|Any CPU
		{51D2E5EB-99F9-4FF2-9B1B-286EBC25E571}.Debug|Any CPU.Build.0 = Debug|Any CPU
		{51D2E5EB-99F9-4FF2-9B1B-286EBC25E571}.Release|Any CPU.ActiveCfg = Release|Any CPU
		{51D2E5EB-99F9-4FF2-9B1B-286EBC25E571}.Release|Any CPU.Build.0 = Release|Any CPU
	EndGlobalSection
	GlobalSection(SolutionProperties) = preSolution
		HideSolutionNode = FALSE
	EndGlobalSection
	GlobalSection(ExtensibilityGlobals) = postSolution
		SolutionGuid = {D0EA9E56-1461-41B6-A5F5-031C458A1388}
	EndGlobalSection
EndGlobal
